{
  "name": "ruffles",
  "lockfileVersion": 3,
  "requires": true,
  "packages": {
    "": {
      "dependencies": {
        "mandrill-api": "^1.0.45"
      }
    },
    "node_modules/mandrill-api": {
      "version": "1.0.45",
      "resolved": "https://registry.npmjs.org/mandrill-api/-/mandrill-api-1.0.45.tgz",
      "integrity": "sha512-Hbr6z1AeReym0uVfGXNwyfGmyd7wZ81lsJg/iaogSDycI8J1lVjTx91u4pr4VSW3+fRqVASqre17ebHOr7yNKQ==",
      "deprecated": "Deprecated. Replaced by @mailchimp/mailchimp_transactional",
      "engines": {
        "node": "*"
      }
    }
  }
}
